# This file is automatically @generated by Poetry 2.4.1 and should not be changed by hand.

[[package]]
name = "led-effect"
version = "0.1.0"
description = ""
optional = false
python-versions = ">=3.12,<3.15"
groups = ["main"]
files = []
develop = true

[package.source]
type = "directory"
url = "../led_effect"

[metadata]
lock-version = "2.1"
python-versions = ">=3.12,<3.15"
content-hash = "796e7688efc4657f03cfa0a4505dcd2f68bd397d011303b864266ef112a10fcf"
