# This file is automatically @generated by Poetry 2.4.1 and should not be changed by hand.

[[package]]
name = "altgraph"
version = "0.17.5"
description = "Python graph (network) package"
optional = false
python-versions = "*"
groups = ["main"]
files = [
    {file = "altgraph-0.17.5-py2.py3-none-any.whl", hash = "sha256:f3a22400bce1b0c701683820ac4f3b159cd301acab067c51c653e06961600597"},
    {file = "altgraph-0.17.5.tar.gz", hash = "sha256:c87b395dd12fabde9c99573a9749d67da8d29ef9de0125c7f536699b4a9bc9e7"},
]

[[package]]
name = "black"
version = "26.5.0"
description = "The uncompromising code formatter."
optional = false
python-versions = ">=3.10"
groups = ["dev"]
files = [
    {file = "black-26.5.0-cp310-cp310-macosx_10_9_x86_64.whl", hash = "sha256:402454bfdd7a940be00455e87309438a24b328b7ba7d80b7207e8a87b32ffc29"},
    {file = "black-26.5.0-cp310-cp310-macosx_11_0_arm64.whl", hash = "sha256:4863b2a2c382661a018bf2213f2b957fa34511df131259ffaa8d54859620ac31"},
    {file = "black-26.5.0-cp310-cp310-manylinux2014_x86_64.manylinux_2_17_x86_64.manylinux_2_28_x86_64.whl", hash = "sha256:490b623006a75c0ea59c1ecf91cc76ecb9d66df1482c3a53f4f7de95a7c85e10"},
    {file = "black-26.5.0-cp310-cp310-win_amd64.whl", hash = "sha256:6f53deb3d1108a523212da5c79e5c0cd76abcc548948f2d8415e62929c81a569"},
    {file = "black-26.5.0-cp310-cp310-win_arm64.whl", hash = "sha256:a62f9d069ac27de20c6fa3dbf60d7c951141c4025bb9755274802d05b1aa418b"},
    {file = "black-26.5.0-cp311-cp311-macosx_10_9_x86_64.whl", hash = "sha256:862945b2a08193cdff9f632f51bdadbb11e6852da1d31c306a3508449dc81b84"},
    {file = "black-26.5.0-cp311-cp311-macosx_11_0_arm64.whl", hash = "sha256:03102aa97c279e5f62e1e1ab828cfe8aa72c3af4cf86f9448e5537b2519cbfea"},
    {file = "black-26.5.0-cp311-cp311-manylinux2014_x86_64.manylinux_2_17_x86_64.manylinux_2_28_x86_64.whl", hash = "sha256:990ee0e1d96dd8ca623f19dd3f339c138bdc02f74e4fea01cc64aee38944ea2b"},
    {file = "black-26.5.0-cp311-cp311-win_amd64.whl", hash = "sha256:209fabb250681900502b3b6a03e31d8cac606c9ef9629fd0fbd5d33235647c00"},
    {file = "black-26.5.0-cp311-cp311-win_arm64.whl", hash = "sha256:dbb6fc70f8bd9821981fd47efb68a5be0eee9055f400eb3bf2dbebf49f9ec4fe"},
    {file = "black-26.5.0-cp312-cp312-macosx_10_13_x86_64.whl", hash = "sha256:b92983a6674c133ca61d6b4fea17f76cbbaac582ea583002792ee1094dbece49"},
    {file = "black-26.5.0-cp312-cp312-macosx_11_0_arm64.whl", hash = "sha256:1f80998e73fcfc67fc1d222060cf34ab213f1ae7e131b5c8199d93405890c13a"},
    {file = "black-26.5.0-cp312-cp312-manylinux2014_x86_64.manylinux_2_17_x86_64.manylinux_2_28_x86_64.whl", hash = "sha256:081df4dc908702e2becd66d714f125a954cbf1c6dbe2ad83a6be313368c7c2db"},
    {file = "black-26.5.0-cp312-cp312-win_amd64.whl", hash = "sha256:cf015b38829ca32a699312fdcfb8c15bd0b156192f5400bd0b559c6bfef25236"},
    {file = "black-26.5.0-cp312-cp312-win_arm64.whl", hash = "sha256:828db2292848cf427592fcd162f02d770849d20ea4bdda2806e9494b3a15d481"},
    {file = "black-26.5.0-cp313-cp313-macosx_10_13_x86_64.whl", hash = "sha256:c2b64ce9841e8b8254c3d702ebccdaf5c520607df8aa4176f5732b7f9af1e6f6"},
    {file = "black-26.5.0-cp313-cp313-macosx_11_0_arm64.whl", hash = "sha256:0a789a41b386f0f83711785f182f2977138ba9cc1f41ad0f6fbc8faac4d2639e"},
    {file = "black-26.5.0-cp313-cp313-manylinux2014_x86_64.manylinux_2_17_x86_64.manylinux_2_28_x86_64.whl", hash = "sha256:f69837f7e26d67b1d1e9d0ed49231a14a0469f266e44cd142873e0552f325395"},
    {file = "black-26.5.0-cp313-cp313-win_amd64.whl", hash = "sha256:c5b08371561dae9c90391fe7f2138fe7fa495437d3bb134eb865839036e65784"},
    {file = "black-26.5.0-cp313-cp313-win_arm64.whl", hash = "sha256:3968ce82ca0bd4914769518490d91a9b0ef2ff2fc68e2122d22b5915a0342eaa"},
    {file = "black-26.5.0-cp314-cp314-macosx_10_15_x86_64.whl", hash = "sha256:ea8a0c4505486c132c6640e4e108d25f41360a06d844db5a76477c3dbae1b616"},
    {file = "black-26.5.0-cp314-cp314-macosx_11_0_arm64.whl", hash = "sha256:2178a70e7c45fb85999b687d8326abceef1e7227463d5d7e07ef125c9fbb9c5c"},
    {file = "black-26.5.0-cp314-cp314-manylinux2014_x86_64.manylinux_2_17_x86_64.manylinux_2_28_x86_64.whl", hash = "sha256:f3ad14d7c24c40eafecf4fb212d9c01e7c7b2ab05c8646b351c93728f499c555"},
    {file = "black-26.5.0-cp314-cp314-win_amd64.whl", hash = "sha256:8ea767bae9c4f331ea9ad2e08895c951e600dffd550a42624d5210a908720b39"},
    {file = "black-26.5.0-cp314-cp314-win_arm64.whl", hash = "sha256:d658f4ee6167797b08be07ee4bbf6045753ddabfc676c3cb0eec23752ca83eff"},
    {file = "black-26.5.0-py3-none-any.whl", hash = "sha256:241f25bf59f5ca17f5121031e310e089b84cd22bb4eca47360099ea825544f17"},
    {file = "black-26.5.0.tar.gz", hash = "sha256:5cbe4cc4037ffca34cdb0a6a9a046f104b262d0bd63c30fd4a88c7adc2049b1d"},
]

[package.dependencies]
click = ">=8.0.0"
mypy-extensions = ">=0.4.3"
packaging = ">=22.0"
pathspec = ">=1.0.0"
platformdirs = ">=2"
pytokens = ">=0.4.0,<0.5.0"

[package.extras]
colorama = ["colorama (>=0.4.3)"]
d = ["aiohttp (>=3.10)"]
jupyter = ["ipython (>=7.8.0)", "tokenize-rt (>=3.2.0)"]
uvloop = ["uvloop (>=0.15.2) ; sys_platform != \"win32\"", "winloop (>=0.5.0) ; sys_platform == \"win32\""]

[[package]]
name = "click"
version = "8.4.0"
description = "Composable command line interface toolkit"
optional = false
python-versions = ">=3.10"
groups = ["dev"]
files = [
    {file = "click-8.4.0-py3-none-any.whl", hash = "sha256:40c50b7c6c6adac2823d411041ec84f3f103f1b280d5e9ce0d7f998995832f81"},
    {file = "click-8.4.0.tar.gz", hash = "sha256:638f1338fe1235c8f4e008e4a8a254fb5c5fbdcbb40ece3c9142ebb78e792973"},
]

[package.dependencies]
colorama = {version = "*", markers = "platform_system == \"Windows\""}

[[package]]
name = "colorama"
version = "0.4.6"
description = "Cross-platform colored terminal text."
optional = false
python-versions = "!=3.0.*,!=3.1.*,!=3.2.*,!=3.3.*,!=3.4.*,!=3.5.*,!=3.6.*,>=2.7"
groups = ["dev"]
markers = "platform_system == \"Windows\""
files = [
    {file = "colorama-0.4.6-py2.py3-none-any.whl", hash = "sha256:4f1d9991f5acc0ca119f9d443620b77f9d6b33703e51011c16baf57afb285fc6"},
    {file = "colorama-0.4.6.tar.gz", hash = "sha256:08695f5cb7ed6e0531a20572697297273c47b8cae5a63ffc6d6ed5c201be6e44"},
]

[[package]]
name = "klippermock"
version = "0.1.0"
description = ""
optional = false
python-versions = ">=3.12,<4.0"
groups = ["main"]
files = []
develop = true

[package.dependencies]
led_effect = {path = "../led_effect", develop = true}

[package.source]
type = "directory"
url = "../klippermock"

[[package]]
name = "led-effect"
version = "0.1.0"
description = ""
optional = false
python-versions = ">=3.12,<4.0"
groups = ["main"]
files = []
develop = true

[package.dependencies]
numpy = "^2.4.5"

[package.source]
type = "directory"
url = "../led_effect"

[[package]]
name = "macholib"
version = "1.16.4"
description = "Mach-O header analysis and editing"
optional = false
python-versions = "*"
groups = ["main"]
markers = "sys_platform == \"darwin\""
files = [
    {file = "macholib-1.16.4-py2.py3-none-any.whl", hash = "sha256:da1a3fa8266e30f0ce7e97c6a54eefaae8edd1e5f86f3eb8b95457cae90265ea"},
    {file = "macholib-1.16.4.tar.gz", hash = "sha256:f408c93ab2e995cd2c46e34fe328b130404be143469e41bc366c807448979362"},
]

[package.dependencies]
altgraph = ">=0.17"

[[package]]
name = "mypy-extensions"
version = "1.1.0"
description = "Type system extensions for programs checked with the mypy type checker."
optional = false
python-versions = ">=3.8"
groups = ["dev"]
files = [
    {file = "mypy_extensions-1.1.0-py3-none-any.whl", hash = "sha256:1be4cccdb0f2482337c4743e60421de3a356cd97508abadd57d47403e94f5505"},
    {file = "mypy_extensions-1.1.0.tar.gz", hash = "sha256:52e68efc3284861e772bbcd66823fde5ae21fd2fdb51c62a211403730b916558"},
]

[[package]]
name = "numpy"
version = "2.4.5"
description = "Fundamental package for array computing in Python"
optional = false
python-versions = ">=3.11"
groups = ["main"]
files = [
    {file = "numpy-2.4.5-cp311-cp311-macosx_10_9_x86_64.whl", hash = "sha256:3176dc8ff71dbb593606f91a69ad0c3cd3303c7eb546af477370ab9edf760288"},
    {file = "numpy-2.4.5-cp311-cp311-macosx_11_0_arm64.whl", hash = "sha256:1811150e5148f5a01a7cc282cb2f489b4a3050a773e173adb480e507bad3a3d7"},
    {file = "numpy-2.4.5-cp311-cp311-macosx_14_0_arm64.whl", hash = "sha256:0d63a780070871210853ba01e90b88f9b85cf2abf63a7f143d5127189265ddf6"},
    {file = "numpy-2.4.5-cp311-cp311-macosx_14_0_x86_64.whl", hash = "sha256:0c6919cefafb3b76cd46a89dbb203bf1dd95529d2a6d09fef2d325d95d6a79d8"},
    {file = "numpy-2.4.5-cp311-cp311-manylinux_2_27_aarch64.manylinux_2_28_aarch64.whl", hash = "sha256:d51efede1e58e8b11877536a5518f60e318d8ff69b89ad7b38ee5e431b24d772"},
    {file = "numpy-2.4.5-cp311-cp311-manylinux_2_27_x86_64.manylinux_2_28_x86_64.whl", hash = "sha256:07ce7e74da92d7c71b5df157b9758bcdd53d7fea10602154de3afd2b3ddc34dd"},
    {file = "numpy-2.4.5-cp311-cp311-musllinux_1_2_aarch64.whl", hash = "sha256:d7828234a13185effb34979e146f9921f2a65dfbbe215e6dbb57d6478fc8e059"},
    {file = "numpy-2.4.5-cp311-cp311-musllinux_1_2_x86_64.whl", hash = "sha256:f96083adc3dfc1bbf778f2c79654d88115fa07074c97cb724fe9508f12d91c55"},
    {file = "numpy-2.4.5-cp311-cp311-win32.whl", hash = "sha256:4ed78c904a638b6e5d7cd4db90c06fca5fc6ec2f28d258305368f454a50e79cf"},
    {file = "numpy-2.4.5-cp311-cp311-win_amd64.whl", hash = "sha256:079b0fad6f2899b23c5da89792b5409d2d83fc83e8bd5c2299cc9c397a264864"},
    {file = "numpy-2.4.5-cp311-cp311-win_arm64.whl", hash = "sha256:d6c78e260b53affe9b395a9d54fc61f101f9521c4d9452c7e9e3718b19e2215b"},
    {file = "numpy-2.4.5-cp312-cp312-macosx_10_13_x86_64.whl", hash = "sha256:654fb8674b61b1c4bd568f944d13a908566fdcb0d797303521d4149d16da05ef"},
    {file = "numpy-2.4.5-cp312-cp312-macosx_11_0_arm64.whl", hash = "sha256:4cd9f6fa7ce10dc4627f2bb81dd9075dab67e94632e04c2b638e12575ddaa862"},
    {file = "numpy-2.4.5-cp312-cp312-macosx_14_0_arm64.whl", hash = "sha256:4f5bc96d35d94e4ceab8b38a92241b4611e95dc44e63b9f1fa2a331858ee3507"},
    {file = "numpy-2.4.5-cp312-cp312-macosx_14_0_x86_64.whl", hash = "sha256:4bb33e900ee81730ad77a258965134aa8ceac805124f7e5229347beda4b8d0aa"},
    {file = "numpy-2.4.5-cp312-cp312-manylinux_2_27_aarch64.manylinux_2_28_aarch64.whl", hash = "sha256:32f8f852273ef32b291201ac2a2c97629c4a1ee8632bb670e3443eaa09fc2e72"},
    {file = "numpy-2.4.5-cp312-cp312-manylinux_2_27_x86_64.manylinux_2_28_x86_64.whl", hash = "sha256:685681e956fc8dcb75adc6ff26694e1dfd738b24bd8d4696c51ca0110157f912"},
    {file = "numpy-2.4.5-cp312-cp312-musllinux_1_2_aarch64.whl", hash = "sha256:6f64dd84b277a737eb59513f6b9bb6195bf41ab11941ef15b2562dbab43fa8ef"},
    {file = "numpy-2.4.5-cp312-cp312-musllinux_1_2_x86_64.whl", hash = "sha256:b42d9496f79e3a728192f05a42d86e36163217b7cdecb3813d0028a0aa6b72d7"},
    {file = "numpy-2.4.5-cp312-cp312-win32.whl", hash = "sha256:86d980970f5110595ca14855768073b08585fc1acc36895de303e039e7dee4a5"},
    {file = "numpy-2.4.5-cp312-cp312-win_amd64.whl", hash = "sha256:3333dba6a4e611d666f69e177ba8fe4140366ff681a5feb2374d3fd4fff3acb6"},
    {file = "numpy-2.4.5-cp312-cp312-win_arm64.whl", hash = "sha256:4593d197270b894efeb538dcbe227e4bcf1c77f88c4c6bf933ead812cfaa4453"},
    {file = "numpy-2.4.5-cp313-cp313-macosx_10_13_x86_64.whl", hash = "sha256:1ef248460b645c102026b82337cc4e88231909c66dd77b59ec6d6cac7e44f277"},
    {file = "numpy-2.4.5-cp313-cp313-macosx_11_0_arm64.whl", hash = "sha256:4603622bdcdbf8dccb1d9d5b21d16a7aa4e473ae6c8e14048d846fd4ca2907a0"},
    {file = "numpy-2.4.5-cp313-cp313-macosx_14_0_arm64.whl", hash = "sha256:6c18d49c67689c562854b53fdc433b93e47c12952aa6fa6d59f185e1a5992419"},
    {file = "numpy-2.4.5-cp313-cp313-macosx_14_0_x86_64.whl", hash = "sha256:b1c663ddc641f4192e90511bec61a09bc231e3bbdb996cdc6edbcaa0e528d685"},
    {file = "numpy-2.4.5-cp313-cp313-manylinux_2_27_aarch64.manylinux_2_28_aarch64.whl", hash = "sha256:93793222b524f692f12b2f8752ce8b1d9d9125b2bfd5dbf0fb69c92c5e1ce86c"},
    {file = "numpy-2.4.5-cp313-cp313-manylinux_2_27_x86_64.manylinux_2_28_x86_64.whl", hash = "sha256:1616bde34b2bcba2fa9bde06217ce00da4f3d1bdfb264d54525a99e8fe170d83"},
    {file = "numpy-2.4.5-cp313-cp313-musllinux_1_2_aarch64.whl", hash = "sha256:09d7d97da1c2c62f4818b3e150a57572ff8dcf1cf5ac501aac832ffd4ebd9566"},
    {file = "numpy-2.4.5-cp313-cp313-musllinux_1_2_x86_64.whl", hash = "sha256:2d68d0b355ab2e39fe0de59001d7151dfdbbb880ef67baeed806661e03df5097"},
    {file = "numpy-2.4.5-cp313-cp313-win32.whl", hash = "sha256:fe28b64777ddfa0eca9b5f51474034ebe3dcb8324f48f27b28f479085673ae33"},
    {file = "numpy-2.4.5-cp313-cp313-win_amd64.whl", hash = "sha256:fb4a6c9c537d6ccec9cc4aeae4261bd3cc79b070c67ddc0646f5b1c07fddde42"},
    {file = "numpy-2.4.5-cp313-cp313-win_arm64.whl", hash = "sha256:6d7df2da2e7ea0624a43aa368104b3a3ce14aae98ad4bb2c9a93fecef76f1c97"},
    {file = "numpy-2.4.5-cp313-cp313t-macosx_11_0_arm64.whl", hash = "sha256:2a235607a18df941760a695927051af4b1cd5d3ee85840d0e2af816785771feb"},
    {file = "numpy-2.4.5-cp313-cp313t-macosx_14_0_arm64.whl", hash = "sha256:58dcf64969d870f36bc7fbd557d2617e997db7dc06261b6e3327148ea460d0a4"},
    {file = "numpy-2.4.5-cp313-cp313t-macosx_14_0_x86_64.whl", hash = "sha256:235f54b0156274d8fa3155db3ed6d2f401c7e8f3367c90db0a12f02a58fde6ed"},
    {file = "numpy-2.4.5-cp313-cp313t-manylinux_2_27_aarch64.manylinux_2_28_aarch64.whl", hash = "sha256:ef3b5bb65437a3555c648e706475db01c645559ca80dc8b03e4f202ea757e0d6"},
    {file = "numpy-2.4.5-cp313-cp313t-manylinux_2_27_x86_64.manylinux_2_28_x86_64.whl", hash = "sha256:7f09a7e5f017d7098c66522097c96257411c9620c0926212200d66bc8cee3976"},
    {file = "numpy-2.4.5-cp313-cp313t-musllinux_1_2_aarch64.whl", hash = "sha256:993a88d8fdd8554466a8765cd8bacd97ba56b70ca6b0a04bcdca77f5afed4222"},
    {file = "numpy-2.4.5-cp313-cp313t-musllinux_1_2_x86_64.whl", hash = "sha256:84f58bed609b5669f5ad3d597901a4f1f86ee5b3c3708aaa55f05b4fe6e0f656"},
    {file = "numpy-2.4.5-cp313-cp313t-win32.whl", hash = "sha256:7200c58f3f933ca61e66346667dcc8510bb111995e9ce15398a731e6a4afa4bb"},
    {file = "numpy-2.4.5-cp313-cp313t-win_amd64.whl", hash = "sha256:c26c71080d35db5002102f5d9ff614d45de02aa1f7802943e691e063e5ee93bc"},
    {file = "numpy-2.4.5-cp313-cp313t-win_arm64.whl", hash = "sha256:2caa576d1707b275cba1aeb60a5c50daa6fa2a3f28ecb08123bc05fd439005db"},
    {file = "numpy-2.4.5-cp314-cp314-macosx_10_15_x86_64.whl", hash = "sha256:889ca2c072315de638a5194a772aa1fa2df92bdd6175f6a222d4784040424b61"},
    {file = "numpy-2.4.5-cp314-cp314-macosx_11_0_arm64.whl", hash = "sha256:89e89304fb1f8c3f0ecfa4a7d48f311dd79771336a940e920159d643d1307e77"},
    {file = "numpy-2.4.5-cp314-cp314-macosx_14_0_arm64.whl", hash = "sha256:144fcc5a3a17679b2b82543b4a2d8dd29937230a7af13232b5f753872feb6361"},
    {file = "numpy-2.4.5-cp314-cp314-macosx_14_0_x86_64.whl", hash = "sha256:398bb16772b265b9fa5c07b07072646ea97137c10ffb62a9a087b277fc825c29"},
    {file = "numpy-2.4.5-cp314-cp314-manylinux_2_27_aarch64.manylinux_2_28_aarch64.whl", hash = "sha256:fb352e7b8876da1249e72254736d6c58c505fa4e58a3d7e30efca241ca9ca9ce"},
    {file = "numpy-2.4.5-cp314-cp314-manylinux_2_27_x86_64.manylinux_2_28_x86_64.whl", hash = "sha256:7341b08ff8124d7353939778e2707b8732d03c78c1c30e0815aba2dacbe1245a"},
    {file = "numpy-2.4.5-cp314-cp314-musllinux_1_2_aarch64.whl", hash = "sha256:deb01226f012539f3945261ffe1c10aec081a0fa0a5c925419933c70f3ae2d23"},
    {file = "numpy-2.4.5-cp314-cp314-musllinux_1_2_x86_64.whl", hash = "sha256:d888bdf7335f76878c3c7b264ac1ff089863e211ec81249f9fb5795c2183dc25"},
    {file = "numpy-2.4.5-cp314-cp314-win32.whl", hash = "sha256:15f90d1256e9b2320aff24fde44815b787ab6d7c49a1a11bfd8138b321c5f080"},
    {file = "numpy-2.4.5-cp314-cp314-win_amd64.whl", hash = "sha256:4bd2cd4ef9c0afa87de73723c0a33c0edff62143e1432917458e26d3d195d87f"},
    {file = "numpy-2.4.5-cp314-cp314-win_arm64.whl", hash = "sha256:db304568c650e9d7039744d3575d0d287754debb2057d7c7b8cdfdc2c487a957"},
    {file = "numpy-2.4.5-cp314-cp314t-macosx_11_0_arm64.whl", hash = "sha256:6de2883e0d2c63eae1bab1a84b390dca74aabb3d20ea1f5d58f360853c83abf3"},
    {file = "numpy-2.4.5-cp314-cp314t-macosx_14_0_arm64.whl", hash = "sha256:06760fe73ae5005008748d182de612c733542af3cde063d532cd2127561b27be"},
    {file = "numpy-2.4.5-cp314-cp314t-macosx_14_0_x86_64.whl", hash = "sha256:4b51a01745cb04cc19278482207444b4d30728ce91c28d27a3bfae5fc6ff24c7"},
    {file = "numpy-2.4.5-cp314-cp314t-manylinux_2_27_aarch64.manylinux_2_28_aarch64.whl", hash = "sha256:9a05636d7937d0936f271e5ba957fa8d746b5be3c2025caa1a2508f4fe521d40"},
    {file = "numpy-2.4.5-cp314-cp314t-manylinux_2_27_x86_64.manylinux_2_28_x86_64.whl", hash = "sha256:14b86f56048ed09c3bbe48962a7dff077c2fd3274f8cf981800f3b38eac49cc3"},
    {file = "numpy-2.4.5-cp314-cp314t-musllinux_1_2_aarch64.whl", hash = "sha256:130d58151c4db23e9fa860b84784e219a3aa3e030acc88a493ea37006c4dfd4c"},
    {file = "numpy-2.4.5-cp314-cp314t-musllinux_1_2_x86_64.whl", hash = "sha256:d475afc8cbe935ff5944f753d863bba774d7f4e1feaaa4102901e3e053ca5963"},
    {file = "numpy-2.4.5-cp314-cp314t-win32.whl", hash = "sha256:27f4a6dc26353a860b348961b9aa9e009835688b435cfa105e873b8dc2c726f5"},
    {file = "numpy-2.4.5-cp314-cp314t-win_amd64.whl", hash = "sha256:76ac6e90f5e226011c88f9b7040a4bcae612518bc7e9adc127e697a13b28ad1a"},
    {file = "numpy-2.4.5-cp314-cp314t-win_arm64.whl", hash = "sha256:7c392e2c1bf596701d3c6832be7567eab5d5b0a13865036c33365ee097d37f8b"},
    {file = "numpy-2.4.5-pp311-pypy311_pp73-macosx_10_15_x86_64.whl", hash = "sha256:6bf0bfc1c2e1db972e30b6cd3d4861f477f3af908b27799b239dc3cbe3eb4b95"},
    {file = "numpy-2.4.5-pp311-pypy311_pp73-macosx_11_0_arm64.whl", hash = "sha256:73d664413fb97229149c4711ef56531a6fe8c15c1c2626b0bbe497b84c287e70"},
    {file = "numpy-2.4.5-pp311-pypy311_pp73-macosx_14_0_arm64.whl", hash = "sha256:b35bee5ef99e8d227a07829bee2e864fcb65f7c157646fcd8ec8b4b45dd8b88f"},
    {file = "numpy-2.4.5-pp311-pypy311_pp73-macosx_14_0_x86_64.whl", hash = "sha256:02981d0fc9f9ce147643d552966d47f329a02f7ecb3b113e84207242f20dfa83"},
    {file = "numpy-2.4.5-pp311-pypy311_pp73-manylinux_2_27_aarch64.manylinux_2_28_aarch64.whl", hash = "sha256:0e63caf31a1df06338ae63d999f7a33a675ced62eea9c9b02db4b1c1f45cff38"},
    {file = "numpy-2.4.5-pp311-pypy311_pp73-manylinux_2_27_x86_64.manylinux_2_28_x86_64.whl", hash = "sha256:d8fc52b85a7b45e474be53eddf08e006d22e381a4e41bcde8e4aa08da0e7d198"},
    {file = "numpy-2.4.5-pp311-pypy311_pp73-win_amd64.whl", hash = "sha256:40c71d50a4da1a7c317af419461052d3911a5770bfc5fd55baf52cc45e7a2c20"},
    {file = "numpy-2.4.5.tar.gz", hash = "sha256:ca670567a5683b7c1670ec03e0ddd5862e10934e92a70751d68d7b7b74ca7f9f"},
]

[[package]]
name = "packaging"
version = "26.2"
description = "Core utilities for Python packages"
optional = false
python-versions = ">=3.8"
groups = ["main", "dev"]
files = [
    {file = "packaging-26.2-py3-none-any.whl", hash = "sha256:5fc45236b9446107ff2415ce77c807cee2862cb6fac22b8a73826d0693b0980e"},
    {file = "packaging-26.2.tar.gz", hash = "sha256:ff452ff5a3e828ce110190feff1178bb1f2ea2281fa2075aadb987c2fb221661"},
]

[[package]]
name = "pathspec"
version = "1.1.1"
description = "Utility library for gitignore style pattern matching of file paths."
optional = false
python-versions = ">=3.9"
groups = ["dev"]
files = [
    {file = "pathspec-1.1.1-py3-none-any.whl", hash = "sha256:a00ce642f577bf7f473932318056212bc4f8bfdf53128c78bbd5af0b9b20b189"},
    {file = "pathspec-1.1.1.tar.gz", hash = "sha256:17db5ecd524104a120e173814c90367a96a98d07c45b2e10c2f3919fff91bf5a"},
]

[package.extras]
hyperscan = ["hyperscan (>=0.7)"]
optional = ["typing-extensions (>=4)"]
re2 = ["google-re2 (>=1.1)"]

[[package]]
name = "pefile"
version = "2024.8.26"
description = "Python PE parsing module"
optional = false
python-versions = ">=3.6.0"
groups = ["main"]
markers = "sys_platform == \"win32\""
files = [
    {file = "pefile-2024.8.26-py3-none-any.whl", hash = "sha256:76f8b485dcd3b1bb8166f1128d395fa3d87af26360c2358fb75b80019b957c6f"},
    {file = "pefile-2024.8.26.tar.gz", hash = "sha256:3ff6c5d8b43e8c37bb6e6dd5085658d658a7a0bdcd20b6a07b1fcfc1c4e9d632"},
]

[[package]]
name = "platformdirs"
version = "4.9.6"
description = "A small Python package for determining appropriate platform-specific dirs, e.g. a `user data dir`."
optional = false
python-versions = ">=3.10"
groups = ["dev"]
files = [
    {file = "platformdirs-4.9.6-py3-none-any.whl", hash = "sha256:e61adb1d5e5cb3441b4b7710bea7e4c12250ca49439228cc1021c00dcfac0917"},
    {file = "platformdirs-4.9.6.tar.gz", hash = "sha256:3bfa75b0ad0db84096ae777218481852c0ebc6c727b3168c1b9e0118e458cf0a"},
]

[[package]]
name = "pyinstaller"
version = "6.20.0"
description = "PyInstaller bundles a Python application and all its dependencies into a single package."
optional = false
python-versions = "<3.15,>=3.8"
groups = ["main"]
files = [
    {file = "pyinstaller-6.20.0-py3-none-macosx_10_13_universal2.whl", hash = "sha256:bf3be4e1284ee78ddccba5e29f99443a12a7b4673168288ffc4c9d38c6f7b90e"},
    {file = "pyinstaller-6.20.0-py3-none-manylinux2014_aarch64.whl", hash = "sha256:72ae9c1fdea134afa791f58bdc9a1934d5c7609753c111e0026bfc272b32b712"},
    {file = "pyinstaller-6.20.0-py3-none-manylinux2014_i686.whl", hash = "sha256:1031bcc307f3fbeffd4e162723e64d46dbf591c82dd0997413afb2a07328b941"},
    {file = "pyinstaller-6.20.0-py3-none-manylinux2014_ppc64le.whl", hash = "sha256:8df3b3f347659fa2562d8d193a98ad4600133b8b8d07c268df89e4154376750e"},
    {file = "pyinstaller-6.20.0-py3-none-manylinux2014_s390x.whl", hash = "sha256:b0d3cc9dd8120d448459bd3880a12e2f9774c51443af49047801446377999a59"},
    {file = "pyinstaller-6.20.0-py3-none-manylinux2014_x86_64.whl", hash = "sha256:03696bb6350177c6bc23bcaf78e71a33c4a89b6754dd90d1be2f318e978c918b"},
    {file = "pyinstaller-6.20.0-py3-none-musllinux_1_1_aarch64.whl", hash = "sha256:6357f1699f6af84f37e7367f031d4f68abdba65543b83990c9e8f5a4cebed0b7"},
    {file = "pyinstaller-6.20.0-py3-none-musllinux_1_1_x86_64.whl", hash = "sha256:0ab39c690abad26ba148e8f664f0478acc82a733997f4f22e757774832802da9"},
    {file = "pyinstaller-6.20.0-py3-none-win32.whl", hash = "sha256:9a7637e8e44b4387b13667fdcaac86ab6b29c446c16d34d8401539b81838759c"},
    {file = "pyinstaller-6.20.0-py3-none-win_amd64.whl", hash = "sha256:d588844e890ee80c4365867f98146636e1849bbca8e4284bbf0c809aff0f161a"},
    {file = "pyinstaller-6.20.0-py3-none-win_arm64.whl", hash = "sha256:bd53282c0a73e5c95573e1ddc8e5d564d4932bec91efbaed4dc5fdff9c2ae7f2"},
    {file = "pyinstaller-6.20.0.tar.gz", hash = "sha256:95c5c7e03d5d61e9dfb8ef259c699cf492bb1041beb6dbe83696608cec07347a"},
]

[package.dependencies]
altgraph = "*"
macholib = {version = ">=1.8", markers = "sys_platform == \"darwin\""}
packaging = ">=22.0"
pefile = {version = ">=2022.5.30", markers = "sys_platform == \"win32\""}
pyinstaller-hooks-contrib = ">=2026.4"
pywin32-ctypes = {version = ">=0.2.1", markers = "sys_platform == \"win32\""}
setuptools = ">=42.0.0"

[package.extras]
completion = ["argcomplete"]
hook-testing = ["execnet (>=1.5.0)", "psutil", "pytest (>=2.7.3)"]

[[package]]
name = "pyinstaller-hooks-contrib"
version = "2026.5"
description = "Community maintained hooks for PyInstaller"
optional = false
python-versions = ">=3.8"
groups = ["main"]
files = [
    {file = "pyinstaller_hooks_contrib-2026.5-py3-none-any.whl", hash = "sha256:ea1535783fbdac4626351709e83f3ea80b681d3a4745763ebb407b5e27342eb9"},
    {file = "pyinstaller_hooks_contrib-2026.5.tar.gz", hash = "sha256:f066dfca8f7c45ff6336c9cf9fe25b4e48bfeb322a1aa24faaedfb8a8d1b0b08"},
]

[package.dependencies]
packaging = ">=22.0"
setuptools = ">=42.0.0"

[[package]]
name = "pytokens"
version = "0.4.1"
description = "A Fast, spec compliant Python 3.14+ tokenizer that runs on older Pythons."
optional = false
python-versions = ">=3.8"
groups = ["dev"]
files = [
    {file = "pytokens-0.4.1-cp310-cp310-macosx_11_0_arm64.whl", hash = "sha256:2a44ed93ea23415c54f3face3b65ef2b844d96aeb3455b8a69b3df6beab6acc5"},
    {file = "pytokens-0.4.1-cp310-cp310-manylinux2014_aarch64.manylinux_2_17_aarch64.manylinux_2_28_aarch64.whl", hash = "sha256:add8bf86b71a5d9fb5b89f023a80b791e04fba57960aa790cc6125f7f1d39dfe"},
    {file = "pytokens-0.4.1-cp310-cp310-manylinux2014_x86_64.manylinux_2_17_x86_64.manylinux_2_28_x86_64.whl", hash = "sha256:670d286910b531c7b7e3c0b453fd8156f250adb140146d234a82219459b9640c"},
    {file = "pytokens-0.4.1-cp310-cp310-musllinux_1_2_x86_64.whl", hash = "sha256:4e691d7f5186bd2842c14813f79f8884bb03f5995f0575272009982c5ac6c0f7"},
    {file = "pytokens-0.4.1-cp310-cp310-win_amd64.whl", hash = "sha256:27b83ad28825978742beef057bfe406ad6ed524b2d28c252c5de7b4a6dd48fa2"},
    {file = "pytokens-0.4.1-cp311-cp311-macosx_11_0_arm64.whl", hash = "sha256:d70e77c55ae8380c91c0c18dea05951482e263982911fc7410b1ffd1dadd3440"},
    {file = "pytokens-0.4.1-cp311-cp311-manylinux2014_aarch64.manylinux_2_17_aarch64.manylinux_2_28_aarch64.whl", hash = "sha256:4a58d057208cb9075c144950d789511220b07636dd2e4708d5645d24de666bdc"},
    {file = "pytokens-0.4.1-cp311-cp311-manylinux2014_x86_64.manylinux_2_17_x86_64.manylinux_2_28_x86_64.whl", hash = "sha256:b49750419d300e2b5a3813cf229d4e5a4c728dae470bcc89867a9ad6f25a722d"},
    {file = "pytokens-0.4.1-cp311-cp311-musllinux_1_2_x86_64.whl", hash = "sha256:d9907d61f15bf7261d7e775bd5d7ee4d2930e04424bab1972591918497623a16"},
    {file = "pytokens-0.4.1-cp311-cp311-win_amd64.whl", hash = "sha256:ee44d0f85b803321710f9239f335aafe16553b39106384cef8e6de40cb4ef2f6"},
    {file = "pytokens-0.4.1-cp312-cp312-macosx_11_0_arm64.whl", hash = "sha256:140709331e846b728475786df8aeb27d24f48cbcf7bcd449f8de75cae7a45083"},
    {file = "pytokens-0.4.1-cp312-cp312-manylinux2014_aarch64.manylinux_2_17_aarch64.manylinux_2_28_aarch64.whl", hash = "sha256:6d6c4268598f762bc8e91f5dbf2ab2f61f7b95bdc07953b602db879b3c8c18e1"},
    {file = "pytokens-0.4.1-cp312-cp312-manylinux2014_x86_64.manylinux_2_17_x86_64.manylinux_2_28_x86_64.whl", hash = "sha256:24afde1f53d95348b5a0eb19488661147285ca4dd7ed752bbc3e1c6242a304d1"},
    {file = "pytokens-0.4.1-cp312-cp312-musllinux_1_2_x86_64.whl", hash = "sha256:5ad948d085ed6c16413eb5fec6b3e02fa00dc29a2534f088d3302c47eb59adf9"},
    {file = "pytokens-0.4.1-cp312-cp312-win_amd64.whl", hash = "sha256:3f901fe783e06e48e8cbdc82d631fca8f118333798193e026a50ce1b3757ea68"},
    {file = "pytokens-0.4.1-cp313-cp313-macosx_11_0_arm64.whl", hash = "sha256:8bdb9d0ce90cbf99c525e75a2fa415144fd570a1ba987380190e8b786bc6ef9b"},
    {file = "pytokens-0.4.1-cp313-cp313-manylinux2014_aarch64.manylinux_2_17_aarch64.manylinux_2_28_aarch64.whl", hash = "sha256:5502408cab1cb18e128570f8d598981c68a50d0cbd7c61312a90507cd3a1276f"},
    {file = "pytokens-0.4.1-cp313-cp313-manylinux2014_x86_64.manylinux_2_17_x86_64.manylinux_2_28_x86_64.whl", hash = "sha256:29d1d8fb1030af4d231789959f21821ab6325e463f0503a61d204343c9b355d1"},
    {file = "pytokens-0.4.1-cp313-cp313-musllinux_1_2_x86_64.whl", hash = "sha256:970b08dd6b86058b6dc07efe9e98414f5102974716232d10f32ff39701e841c4"},
    {file = "pytokens-0.4.1-cp313-cp313-win_amd64.whl", hash = "sha256:9bd7d7f544d362576be74f9d5901a22f317efc20046efe2034dced238cbbfe78"},
    {file = "pytokens-0.4.1-cp314-cp314-macosx_11_0_arm64.whl", hash = "sha256:4a14d5f5fc78ce85e426aa159489e2d5961acf0e47575e08f35584009178e321"},
    {file = "pytokens-0.4.1-cp314-cp314-manylinux2014_aarch64.manylinux_2_17_aarch64.manylinux_2_28_aarch64.whl", hash = "sha256:97f50fd18543be72da51dd505e2ed20d2228c74e0464e4262e4899797803d7fa"},
    {file = "pytokens-0.4.1-cp314-cp314-manylinux2014_x86_64.manylinux_2_17_x86_64.manylinux_2_28_x86_64.whl", hash = "sha256:dc74c035f9bfca0255c1af77ddd2d6ae8419012805453e4b0e7513e17904545d"},
    {file = "pytokens-0.4.1-cp314-cp314-musllinux_1_2_x86_64.whl", hash = "sha256:f66a6bbe741bd431f6d741e617e0f39ec7257ca1f89089593479347cc4d13324"},
    {file = "pytokens-0.4.1-cp314-cp314-win_amd64.whl", hash = "sha256:b35d7e5ad269804f6697727702da3c517bb8a5228afa450ab0fa787732055fc9"},
    {file = "pytokens-0.4.1-cp314-cp314t-macosx_11_0_arm64.whl", hash = "sha256:8fcb9ba3709ff77e77f1c7022ff11d13553f3c30299a9fe246a166903e9091eb"},
    {file = "pytokens-0.4.1-cp314-cp314t-manylinux2014_aarch64.manylinux_2_17_aarch64.manylinux_2_28_aarch64.whl", hash = "sha256:79fc6b8699564e1f9b521582c35435f1bd32dd06822322ec44afdeba666d8cb3"},
    {file = "pytokens-0.4.1-cp314-cp314t-manylinux2014_x86_64.manylinux_2_17_x86_64.manylinux_2_28_x86_64.whl", hash = "sha256:d31b97b3de0f61571a124a00ffe9a81fb9939146c122c11060725bd5aea79975"},
    {file = "pytokens-0.4.1-cp314-cp314t-musllinux_1_2_x86_64.whl", hash = "sha256:967cf6e3fd4adf7de8fc73cd3043754ae79c36475c1c11d514fc72cf5490094a"},
    {file = "pytokens-0.4.1-cp314-cp314t-win_amd64.whl", hash = "sha256:584c80c24b078eec1e227079d56dc22ff755e0ba8654d8383b2c549107528918"},
    {file = "pytokens-0.4.1-cp38-cp38-macosx_11_0_arm64.whl", hash = "sha256:da5baeaf7116dced9c6bb76dc31ba04a2dc3695f3d9f74741d7910122b456edc"},
    {file = "pytokens-0.4.1-cp38-cp38-manylinux2014_aarch64.manylinux_2_17_aarch64.manylinux_2_28_aarch64.whl", hash = "sha256:11edda0942da80ff58c4408407616a310adecae1ddd22eef8c692fe266fa5009"},
    {file = "pytokens-0.4.1-cp38-cp38-manylinux2014_x86_64.manylinux_2_17_x86_64.manylinux_2_28_x86_64.whl", hash = "sha256:0fc71786e629cef478cbf29d7ea1923299181d0699dbe7c3c0f4a583811d9fc1"},
    {file = "pytokens-0.4.1-cp38-cp38-musllinux_1_2_x86_64.whl", hash = "sha256:dcafc12c30dbaf1e2af0490978352e0c4041a7cde31f4f81435c2a5e8b9cabb6"},
    {file = "pytokens-0.4.1-cp38-cp38-win_amd64.whl", hash = "sha256:42f144f3aafa5d92bad964d471a581651e28b24434d184871bd02e3a0d956037"},
    {file = "pytokens-0.4.1-cp39-cp39-macosx_11_0_arm64.whl", hash = "sha256:34bcc734bd2f2d5fe3b34e7b3c0116bfb2397f2d9666139988e7a3eb5f7400e3"},
    {file = "pytokens-0.4.1-cp39-cp39-manylinux2014_aarch64.manylinux_2_17_aarch64.manylinux_2_28_aarch64.whl", hash = "sha256:941d4343bf27b605e9213b26bfa1c4bf197c9c599a9627eb7305b0defcfe40c1"},
    {file = "pytokens-0.4.1-cp39-cp39-manylinux2014_x86_64.manylinux_2_17_x86_64.manylinux_2_28_x86_64.whl", hash = "sha256:3ad72b851e781478366288743198101e5eb34a414f1d5627cdd585ca3b25f1db"},
    {file = "pytokens-0.4.1-cp39-cp39-musllinux_1_2_x86_64.whl", hash = "sha256:682fa37ff4d8e95f7df6fe6fe6a431e8ed8e788023c6bcc0f0880a12eab80ad1"},
    {file = "pytokens-0.4.1-cp39-cp39-win_amd64.whl", hash = "sha256:30f51edd9bb7f85c748979384165601d028b84f7bd13fe14d3e065304093916a"},
    {file = "pytokens-0.4.1-py3-none-any.whl", hash = "sha256:26cef14744a8385f35d0e095dc8b3a7583f6c953c2e3d269c7f82484bf5ad2de"},
    {file = "pytokens-0.4.1.tar.gz", hash = "sha256:292052fe80923aae2260c073f822ceba21f3872ced9a68bb7953b348e561179a"},
]

[package.extras]
dev = ["black", "build", "mypy", "pytest", "pytest-cov", "setuptools", "tox", "twine", "wheel"]

[[package]]
name = "pywin32-ctypes"
version = "0.2.3"
description = "A (partial) reimplementation of pywin32 using ctypes/cffi"
optional = false
python-versions = ">=3.6"
groups = ["main"]
markers = "sys_platform == \"win32\""
files = [
    {file = "pywin32-ctypes-0.2.3.tar.gz", hash = "sha256:d162dc04946d704503b2edc4d55f3dba5c1d539ead017afa00142c38b9885755"},
    {file = "pywin32_ctypes-0.2.3-py3-none-any.whl", hash = "sha256:8a1513379d709975552d202d942d9837758905c8d01eb82b8bcc30918929e7b8"},
]

[[package]]
name = "setuptools"
version = "82.0.1"
description = "Most extensible Python build backend with support for C/C++ extension modules"
optional = false
python-versions = ">=3.9"
groups = ["main"]
files = [
    {file = "setuptools-82.0.1-py3-none-any.whl", hash = "sha256:a59e362652f08dcd477c78bb6e7bd9d80a7995bc73ce773050228a348ce2e5bb"},
    {file = "setuptools-82.0.1.tar.gz", hash = "sha256:7d872682c5d01cfde07da7bccc7b65469d3dca203318515ada1de5eda35efbf9"},
]

[package.extras]
check = ["pytest-checkdocs (>=2.4)", "pytest-ruff (>=0.2.1) ; sys_platform != \"cygwin\"", "ruff (>=0.13.0) ; sys_platform != \"cygwin\""]
core = ["importlib_metadata (>=6) ; python_version < \"3.10\"", "jaraco.functools (>=4)", "jaraco.text (>=3.7)", "more_itertools", "more_itertools (>=8.8)", "packaging (>=24.2)", "tomli (>=2.0.1) ; python_version < \"3.11\"", "wheel (>=0.43.0)"]
cover = ["pytest-cov"]
doc = ["furo", "jaraco.packaging (>=9.3)", "jaraco.tidelift (>=1.4)", "pygments-github-lexers (==0.0.5)", "pyproject-hooks (!=1.1)", "rst.linker (>=1.9)", "sphinx (>=3.5)", "sphinx-favicon", "sphinx-inline-tabs", "sphinx-lint", "sphinx-notfound-page (>=1,<2)", "sphinx-reredirects", "sphinxcontrib-towncrier", "towncrier (<24.7)"]
enabler = ["pytest-enabler (>=2.2)"]
test = ["build[virtualenv] (>=1.0.3)", "filelock (>=3.4.0)", "ini2toml[lite] (>=0.14)", "jaraco.develop (>=7.21) ; python_version >= \"3.9\" and sys_platform != \"cygwin\"", "jaraco.envs (>=2.2)", "jaraco.path (>=3.7.2)", "jaraco.test (>=5.5)", "packaging (>=24.2)", "pip (>=19.1)", "pyproject-hooks (!=1.1)", "pytest (>=6,!=8.1.*)", "pytest-home (>=0.5)", "pytest-perf ; sys_platform != \"cygwin\"", "pytest-subprocess", "pytest-timeout", "pytest-xdist (>=3)", "tomli-w (>=1.0.0)", "virtualenv (>=13.0.0)", "wheel (>=0.44.0)"]
type = ["importlib_metadata (>=7.0.2) ; python_version < \"3.10\"", "jaraco.develop (>=7.21) ; sys_platform != \"cygwin\"", "mypy (==1.18.*)", "pytest-mypy"]

[[package]]
name = "wxpython"
version = "4.2.5"
description = "Cross platform GUI toolkit for Python, \"Phoenix\" version"
optional = false
python-versions = ">=3.10"
groups = ["main"]
files = [
    {file = "wxpython-4.2.5-cp310-cp310-macosx_11_0_arm64.whl", hash = "sha256:c97ccd3f2da567eff43f71948d9ace86c91dc80aa834e7b2dbeacd95eabbe9c6"},
    {file = "wxpython-4.2.5-cp310-cp310-macosx_14_0_x86_64.whl", hash = "sha256:402c61ea6c9f2904b0e0c2ffbd04ed38ad6ae4f25e0d9de529dbf44da0685346"},
    {file = "wxpython-4.2.5-cp310-cp310-win32.whl", hash = "sha256:d7e3b69a1f2ad383e8305efee11130dbe7542b6f6d8d5ba02fdce3cfc4c67ad6"},
    {file = "wxpython-4.2.5-cp310-cp310-win_amd64.whl", hash = "sha256:74fc76f8d22226e607d7072278cc09052da0cda508dea14a9933b014a4e5aeeb"},
    {file = "wxpython-4.2.5-cp311-cp311-macosx_11_0_arm64.whl", hash = "sha256:a5ecb93cc17e09e90d71a1f8d99a543268a5f019aeec058b24374926f79bb6fc"},
    {file = "wxpython-4.2.5-cp311-cp311-macosx_14_0_x86_64.whl", hash = "sha256:26f80c81a150c90c14b50cbb246b7048d65d737d0206d28a6860171b273af932"},
    {file = "wxpython-4.2.5-cp311-cp311-win32.whl", hash = "sha256:ade4d6b39c39770146ce1010df7d7a5a767d148b478133d49c36dffb0880a174"},
    {file = "wxpython-4.2.5-cp311-cp311-win_amd64.whl", hash = "sha256:508de82ac2b64aa575a543949c44dc7f83a734622bed01d8501474ab454f7bb7"},
    {file = "wxpython-4.2.5-cp311-cp311-win_arm64.whl", hash = "sha256:9bf5704eedd21bd1fe3143d8ed1cfe8250e1fbb651eb6c17a73533136745fe5a"},
    {file = "wxpython-4.2.5-cp312-cp312-macosx_11_0_arm64.whl", hash = "sha256:310772b05372c2daa76fefa7e57d20106b522d53b49d3edc3d9ac1fde7e3782e"},
    {file = "wxpython-4.2.5-cp312-cp312-macosx_14_0_x86_64.whl", hash = "sha256:10bba0d56547f34d12b5450e8c73e32ff821aed10a2f34a0c666c8355eb9ee98"},
    {file = "wxpython-4.2.5-cp312-cp312-win32.whl", hash = "sha256:e7079d9a7374b3fd5896bdea7c73faa8da52e1fbcce5368796b5c22d7de747a6"},
    {file = "wxpython-4.2.5-cp312-cp312-win_amd64.whl", hash = "sha256:c54962f0524662d16591a03c786cd4d71bc43c70ede8244e0a5a59aa3979d124"},
    {file = "wxpython-4.2.5-cp312-cp312-win_arm64.whl", hash = "sha256:cda1fb351caa4555bd18717f610c9a3b03d25e64db4a22e004b141f91d02fa8c"},
    {file = "wxpython-4.2.5-cp313-cp313-macosx_11_0_arm64.whl", hash = "sha256:5f7ec6b028e8b1c4cad1ecb5c8402c2cae7840a25758be0fc209e56df86d1cac"},
    {file = "wxpython-4.2.5-cp313-cp313-macosx_14_0_x86_64.whl", hash = "sha256:77ac5335d8e4aae92732fc039df24a58181cdfb5bc7931692f1f9415e9eeee7d"},
    {file = "wxpython-4.2.5-cp313-cp313-win32.whl", hash = "sha256:0985f190565b94635f146989886196a7e9faced8911800910460919cb72668cc"},
    {file = "wxpython-4.2.5-cp313-cp313-win_amd64.whl", hash = "sha256:3fd3649fc4752f1a02776b7057073c932e5229bbab2031762b01532bcc6bd074"},
    {file = "wxpython-4.2.5-cp313-cp313-win_arm64.whl", hash = "sha256:b794d9912464990ea1fd3744fb73fbd7446149e230e5a611ba40eb4ac74755a1"},
    {file = "wxpython-4.2.5-cp314-cp314-macosx_11_0_arm64.whl", hash = "sha256:af2d8388eb3f0d8eaae0713a35c307293435ec279f215a2bbf521b738d7fc91b"},
    {file = "wxpython-4.2.5-cp314-cp314-macosx_14_0_x86_64.whl", hash = "sha256:1925485c9b90e79f869272eff2b99438538b00505f9d148d51358dc8e92116b6"},
    {file = "wxpython-4.2.5-cp314-cp314-win32.whl", hash = "sha256:230ecb4de65a8d2f8bc30bccd4d64366ac3a7cf53759b77920de927d156ad9c5"},
    {file = "wxpython-4.2.5-cp314-cp314-win_amd64.whl", hash = "sha256:eb1c228f0c20ed93f2799ebd81780abc7fd65cfa8f6b65e989b68c0c18c52707"},
    {file = "wxpython-4.2.5-cp314-cp314-win_arm64.whl", hash = "sha256:d4439bf4b18ac720afbcf51c37d7822ba62ab6999501e96cce1dfc2f55a19344"},
    {file = "wxpython-4.2.5.tar.gz", hash = "sha256:44e836d1bccd99c38790bb034b6ecf70d9060f6734320560f7c4b0d006144793"},
]

[metadata]
lock-version = "2.1"
python-versions = ">=3.12,<3.15"
content-hash = "63b3f61adca1decfe31e478ddbc0b3de27ab82f4bed36030f5717e703c8269db"
